// !$*UTF8*$!
{
	archiveVersion = 1;
	classes = {
	};
	objectVersion = 77;
	objects = {

/* Begin PBXContainerItemProxy section */
		AC25F9312CFF2757002B81A3 /* PBXContainerItemProxy */ = {
			isa = PBXContainerItemProxy;
			containerPortal = AC25F9182CFF2755002B81A3 /* Project object */;
			proxyType = 1;
			remoteGlobalIDString = AC25F91F2CFF2755002B81A3;
			remoteInfo = FloatingButtonDemo;
		};
		AC25F93B2CFF2757002B81A3 /* PBXContainerItemProxy */ = {
			isa = PBXContainerItemProxy;
			containerPortal = AC25F9182CFF2755002B81A3 /* Project object */;
			proxyType = 1;
			remoteGlobalIDString = AC25F91F2CFF2755002B81A3;
			remoteInfo = FloatingButtonDemo;
		};
/* End PBXContainerItemProxy section */

/* Begin PBXFileReference section */
		AC25F9202CFF2755002B81A3 /* FloatingButtonDemo.app */ = {isa = PBXFileReference; explicitFileType = wrapper.application; includeInIndex = 0; path = FloatingButtonDemo.app; sourceTree = BUILT_PRODUCTS_DIR; };
		AC25F9302CFF2757002B81A3 /* FloatingButtonDemoTests.xctest */ = {isa = PBXFileReference; explicitFileType = wrapper.cfbundle; includeInIndex = 0; path = FloatingButtonDemoTests.xctest; sourceTree = BUILT_PRODUCTS_DIR; };
		AC25F93A2CFF2757002B81A3 /* FloatingButtonDemoUITests.xctest */ = {isa = PBXFileReference; explicitFileType = wrapper.cfbundle; includeInIndex = 0; path = FloatingButtonDemoUITests.xctest; sourceTree = BUILT_PRODUCTS_DIR; };
/* End PBXFileReference section */

/* Begin PBXFileSystemSynchronizedRootGroup section */
		AC25F9222CFF2755002B81A3 /* FloatingButtonDemo */ = {
			isa = PBXFileSystemSynchronizedRootGroup;
			path = FloatingButtonDemo;
			sourceTree = "<group>";
		};
		AC25F9332CFF2757002B81A3 /* FloatingButtonDemoTests */ = {
			isa = PBXFileSystemSynchronizedRootGroup;
			path = FloatingButtonDemoTests;
			sourceTree = "<group>";
		};
		AC25F93D2CFF2757002B81A3 /* FloatingButtonDemoUITests */ = {
			isa = PBXFileSystemSynchronizedRootGroup;
			path = FloatingButtonDemoUITests;
			sourceTree = "<group>";
		};
/* End PBXFileSystemSynchronizedRootGroup section */

/* Begin PBXFrameworksBuildPhase section */
		AC25F91D2CFF2755002B81A3 /* Frameworks */ = {
			isa = PBXFrameworksBuildPhase;
			buildActionMask = 2147483647;
			files = (
			);
			runOnlyForDeploymentPostprocessing = 0;
		};
		AC25F92D2CFF2757002B81A3 /* Frameworks */ = {
			isa = PBXFrameworksBuildPhase;
			buildActionMask = 2147483647;
			files = (
			);
			runOnlyForDeploymentPostprocessing = 0;
		};
		AC25F9372CFF2757002B81A3 /* Frameworks */ = {
			isa = PBXFrameworksBuildPhase;
			buildActionMask = 2147483647;
			files = (
			);
			runOnlyForDeploymentPostprocessing = 0;
		};
/* End PBXFrameworksBuildPhase section */

/* Begin PBXGroup section */
		AC25F9172CFF2755002B81A3 = {
			isa = PBXGroup;
			children = (
				AC25F9222CFF2755002B81A3 /* FloatingButtonDemo */,
				AC25F9332CFF2757002B81A3 /* FloatingButtonDemoTests */,
				AC25F93D2CFF2757002B81A3 /* FloatingButtonDemoUITests */,
				AC25F9212CFF2755002B81A3 /* Products */,
			);
			sourceTree = "<group>";
		};
		AC25F9212CFF2755002B81A3 /* Products */ = {
			isa = PBXGroup;
			children = (
				AC25F9202CFF2755002B81A3 /* FloatingButtonDemo.app */,
				AC25F9302CFF2757002B81A3 /* FloatingButtonDemoTests.xctest */,
				AC25F93A2CFF2757002B81A3 /* FloatingButtonDemoUITests.xctest */,
			);
			name = Products;
			sourceTree = "<group>";
		};
/* End PBXGroup section */

/* Begin PBXNativeTarget section */
		AC25F91F2CFF2755002B81A3 /* FloatingButtonDemo */ = {
			isa = PBXNativeTarget;
			buildConfigurationList = AC25F9442CFF2757002B81A3 /* Build configuration list for PBXNativeTarget "FloatingButtonDemo" */;
			buildPhases = (
				AC25F91C2CFF2755002B81A3 /* Sources */,
				AC25F91D2CFF2755002B81A3 /* Frameworks */,
				AC25F91E2CFF2755002B81A3 /* Resources */,
			);
			buildRules = (
			);
			dependencies = (
			);
			fileSystemSynchronizedGroups = (
				AC25F9222CFF2755002B81A3 /* FloatingButtonDemo */,
			);
			name = FloatingButtonDemo;
			packageProductDependencies = (
			);
			productName = FloatingButtonDemo;
			productReference = AC25F9202CFF2755002B81A3 /* FloatingButtonDemo.app */;
			productType = "com.apple.product-type.application";
		};
		AC25F92F2CFF2757002B81A3 /* FloatingButtonDemoTests */ = {
			isa = PBXNativeTarget;
			buildConfigurationList = AC25F9472CFF2757002B81A3 /* Build configuration list for PBXNativeTarget "FloatingButtonDemoTests" */;
			buildPhases = (
				AC25F92C2CFF2757002B81A3 /* Sources */,
				AC25F92D2CFF2757002B81A3 /* Frameworks */,
				AC25F92E2CFF2757002B81A3 /* Resources */,
			);
			buildRules = (
			);
			dependencies = (
				AC25F9322CFF2757002B81A3 /* PBXTargetDependency */,
			);
			fileSystemSynchronizedGroups = (
				AC25F9332CFF2757002B81A3 /* FloatingButtonDemoTests */,
			);
			name = FloatingButtonDemoTests;
			packageProductDependencies = (
			);
			productName = FloatingButtonDemoTests;
			productReference = AC25F9302CFF2757002B81A3 /* FloatingButtonDemoTests.xctest */;
			productType = "com.apple.product-type.bundle.unit-test";
		};
		AC25F9392CFF2757002B81A3 /* FloatingButtonDemoUITests */ = {
			isa = PBXNativeTarget;
			buildConfigurationList = AC25F94A2CFF2757002B81A3 /* Build configuration list for PBXNativeTarget "FloatingButtonDemoUITests" */;
			buildPhases = (
				AC25F9362CFF2757002B81A3 /* Sources */,
				AC25F9372CFF2757002B81A3 /* Frameworks */,
				AC25F9382CFF2757002B81A3 /* Resources */,
			);
			buildRules = (
			);
			dependencies = (
				AC25F93C2CFF2757002B81A3 /* PBXTargetDependency */,
			);
			fileSystemSynchronizedGroups = (
				AC25F93D2CFF2757002B81A3 /* FloatingButtonDemoUITests */,
			);
			name = FloatingButtonDemoUITests;
			packageProductDependencies = (
			);
			productName = FloatingButtonDemoUITests;
			productReference = AC25F93A2CFF2757002B81A3 /* FloatingButtonDemoUITests.xctest */;
			productType = "com.apple.product-type.bundle.ui-testing";
		};
/* End PBXNativeTarget section */

/* Begin PBXProject section */
		AC25F9182CFF2755002B81A3 /* Project object */ = {
			isa = PBXProject;
			attributes = {
				BuildIndependentTargetsInParallel = 1;
				LastSwiftUpdateCheck = 1610;
				LastUpgradeCheck = 1610;
				TargetAttributes = {
					AC25F91F2CFF2755002B81A3 = {
						CreatedOnToolsVersion = 16.1;
					};
					AC25F92F2CFF2757002B81A3 = {
						CreatedOnToolsVersion = 16.1;
						TestTargetID = AC25F91F2CFF2755002B81A3;
					};
					AC25F9392CFF2757002B81A3 = {
						CreatedOnToolsVersion = 16.1;
						TestTargetID = AC25F91F2CFF2755002B81A3;
					};
				};
			};
			buildConfigurationList = AC25F91B2CFF2755002B81A3 /* Build configuration list for PBXProject "FloatingButtonDemo" */;
			developmentRegion = en;
			hasScannedForEncodings = 0;
			knownRegions = (
				en,
				Base,
			);
			mainGroup = AC25F9172CFF2755002B81A3;
			minimizedProjectReferenceProxies = 1;
			preferredProjectObjectVersion = 77;
			productRefGroup = AC25F9212CFF2755002B81A3 /* Products */;
			projectDirPath = "";
			projectRoot = "";
			targets = (
				AC25F91F2CFF2755002B81A3 /* FloatingButtonDemo */,
				AC25F92F2CFF2757002B81A3 /* FloatingButtonDemoTests */,
				AC25F9392CFF2757002B81A3 /* FloatingButtonDemoUITests */,
			);
		};
/* End PBXProject section */

/* Begin PBXResourcesBuildPhase section */
		AC25F91E2CFF2755002B81A3 /* Resources */ = {
			isa = PBXResourcesBuildPhase;
			buildActionMask = 2147483647;
			files = (
			);
			runOnlyForDeploymentPostprocessing = 0;
		};
		AC25F92E2CFF2757002B81A3 /* Resources */ = {
			isa = PBXResourcesBuildPhase;
			buildActionMask = 2147483647;
			files = (
			);
			runOnlyForDeploymentPostprocessing = 0;
		};
		AC25F9382CFF2757002B81A3 /* Resources */ = {
			isa = PBXResourcesBuildPhase;
			buildActionMask = 2147483647;
			files = (
			);
			runOnlyForDeploymentPostprocessing = 0;
		};
/* End PBXResourcesBuildPhase section */

/* Begin PBXSourcesBuildPhase section */
		AC25F91C2CFF2755002B81A3 /* Sources */ = {
			isa = PBXSourcesBuildPhase;
			buildActionMask = 2147483647;
			files = (
			);
			runOnlyForDeploymentPostprocessing = 0;
		};
		AC25F92C2CFF2757002B81A3 /* Sources */ = {
			isa = PBXSourcesBuildPhase;
			buildActionMask = 2147483647;
			files = (
			);
			runOnlyForDeploymentPostprocessing = 0;
		};
		AC25F9362CFF2757002B81A3 /* Sources */ = {
			isa = PBXSourcesBuildPhase;
			buildActionMask = 2147483647;
			files = (
			);
			runOnlyForDeploymentPostprocessing = 0;
		};
/* End PBXSourcesBuildPhase section */

/* Begin PBXTargetDependency section */
		AC25F9322CFF2757002B81A3 /* PBXTargetDependency */ = {
			isa = PBXTargetDependency;
			target = AC25F91F2CFF2755002B81A3 /* FloatingButtonDemo */;
			targetProxy = AC25F9312CFF2757002B81A3 /* PBXContainerItemProxy */;
		};
		AC25F93C2CFF2757002B81A3 /* PBXTargetDependency */ = {
			isa = PBXTargetDependency;
			target = AC25F91F2CFF2755002B81A3 /* FloatingButtonDemo */;
			targetProxy = AC25F93B2CFF2757002B81A3 /* PBXContainerItemProxy */;
		};
/* End PBXTargetDependency section */

/* Begin XCBuildConfiguration section */
		AC25F9422CFF2757002B81A3 /* Debug */ = {
			isa = XCBuildConfiguration;
			buildSettings = {
				ALWAYS_SEARCH_USER_PATHS = NO;
				ASSETCATALOG_COMPILER_GENERATE_SWIFT_ASSET_SYMBOL_EXTENSIONS = YES;
				CLANG_ANALYZER_NONNULL = YES;
				CLANG_ANALYZER_NUMBER_OBJECT_CONVERSION = YES_AGGRESSIVE;
				CLANG_CXX_LANGUAGE_STANDARD = "gnu++20";
				CLANG_ENABLE_MODULES = YES;
				CLANG_ENABLE_OBJC_ARC = YES;
				CLANG_ENABLE_OBJC_WEAK = YES;
				CLANG_WARN_BLOCK_CAPTURE_AUTORELEASING = YES;
				CLANG_WARN_BOOL_CONVERSION = YES;
				CLANG_WARN_COMMA = YES;
				CLANG_WARN_CONSTANT_CONVERSION = YES;
				CLANG_WARN_DEPRECATED_OBJC_IMPLEMENTATIONS = YES;
				CLANG_WARN_DIRECT_OBJC_ISA_USAGE = YES_ERROR;
				CLANG_WARN_DOCUMENTATION_COMMENTS = YES;
				CLANG_WARN_EMPTY_BODY = YES;
				CLANG_WARN_ENUM_CONVERSION = YES;
				CLANG_WARN_INFINITE_RECURSION = YES;
				CLANG_WARN_INT_CONVERSION = YES;
				CLANG_WARN_NON_LITERAL_NULL_CONVERSION = YES;
				CLANG_WARN_OBJC_IMPLICIT_RETAIN_SELF = YES;
				CLANG_WARN_OBJC_LITERAL_CONVERSION = YES;
				CLANG_WARN_OBJC_ROOT_CLASS = YES_ERROR;
				CLANG_WARN_QUOTED_INCLUDE_IN_FRAMEWORK_HEADER = YES;
				CLANG_WARN_RANGE_LOOP_ANALYSIS = YES;
				CLANG_WARN_STRICT_PROTOTYPES = YES;
				CLANG_WARN_SUSPICIOUS_MOVE = YES;
				CLANG_WARN_UNGUARDED_AVAILABILITY = YES_AGGRESSIVE;
				CLANG_WARN_UNREACHABLE_CODE = YES;
				CLANG_WARN__DUPLICATE_METHOD_MATCH = YES;
				COPY_PHASE_STRIP = NO;
				DEBUG_INFORMATION_FORMAT = dwarf;
				ENABLE_STRICT_OBJC_MSGSEND = YES;
				ENABLE_TESTABILITY = YES;
				ENABLE_USER_SCRIPT_SANDBOXING = YES;
				GCC_C_LANGUAGE_STANDARD = gnu17;
				GCC_DYNAMIC_NO_PIC = NO;
				GCC_NO_COMMON_BLOCKS = YES;
				GCC_OPTIMIZATION_LEVEL = 0;
				GCC_PREPROCESSOR_DEFINITIONS = (
					"DEBUG=1",
					"$(inherited)",
				);
				GCC_WARN_64_TO_32_BIT_CONVERSION = YES;
				GCC_WARN_ABOUT_RETURN_TYPE = YES_ERROR;
				GCC_WARN_UNDECLARED_SELECTOR = YES;
				GCC_WARN_UNINITIALIZED_AUTOS = YES_AGGRESSIVE;
				GCC_WARN_UNUSED_FUNCTION = YES;
				GCC_WARN_UNUSED_VARIABLE = YES;
				IPHONEOS_DEPLOYMENT_TARGET = 18.1;
				LOCALIZATION_PREFERS_STRING_CATALOGS = YES;
				MTL_ENABLE_DEBUG_INFO = INCLUDE_SOURCE;
				MTL_FAST_MATH = YES;
				ONLY_ACTIVE_ARCH = YES;
				SDKROOT = iphoneos;
				SWIFT_ACTIVE_COMPILATION_CONDITIONS = "DEBUG $(inherited)";
				SWIFT_OPTIMIZATION_LEVEL = "-Onone";
			};
			name = Debug;
		};
		AC25F9432CFF2757002B81A3 /* Release */ = {
			isa = XCBuildConfiguration;
			buildSettings = {
				ALWAYS_SEARCH_USER_PATHS = NO;
				ASSETCATALOG_COMPILER_GENERATE_SWIFT_ASSET_SYMBOL_EXTENSIONS = YES;
				CLANG_ANALYZER_NONNULL = YES;
				CLANG_ANALYZER_NUMBER_OBJECT_CONVERSION = YES_AGGRESSIVE;
				CLANG_CXX_LANGUAGE_STANDARD = "gnu++20";
				CLANG_ENABLE_MODULES = YES;
				CLANG_ENABLE_OBJC_ARC = YES;
				CLANG_ENABLE_OBJC_WEAK = YES;
				CLANG_WARN_BLOCK_CAPTURE_AUTORELEASING = YES;
				CLANG_WARN_BOOL_CONVERSION = YES;
				CLANG_WARN_COMMA = YES;
				CLANG_WARN_CONSTANT_CONVERSION = YES;
				CLANG_WARN_DEPRECATED_OBJC_IMPLEMENTATIONS = YES;
				CLANG_WARN_DIRECT_OBJC_ISA_USAGE = YES_ERROR;
				CLANG_WARN_DOCUMENTATION_COMMENTS = YES;
				CLANG_WARN_EMPTY_BODY = YES;
				CLANG_WARN_ENUM_CONVERSION = YES;
				CLANG_WARN_INFINITE_RECURSION = YES;
				CLANG_WARN_INT_CONVERSION = YES;
				CLANG_WARN_NON_LITERAL_NULL_CONVERSION = YES;
				CLANG_WARN_OBJC_IMPLICIT_RETAIN_SELF = YES;
				CLANG_WARN_OBJC_LITERAL_CONVERSION = YES;
				CLANG_WARN_OBJC_ROOT_CLASS = YES_ERROR;
				CLANG_WARN_QUOTED_INCLUDE_IN_FRAMEWORK_HEADER = YES;
				CLANG_WARN_RANGE_LOOP_ANALYSIS = YES;
				CLANG_WARN_STRICT_PROTOTYPES = YES;
				CLANG_WARN_SUSPICIOUS_MOVE = YES;
				CLANG_WARN_UNGUARDED_AVAILABILITY = YES_AGGRESSIVE;
				CLANG_WARN_UNREACHABLE_CODE = YES;
				CLANG_WARN__DUPLICATE_METHOD_MATCH = YES;
				COPY_PHASE_STRIP = NO;
				DEBUG_INFORMATION_FORMAT = "dwarf-with-dsym";
				ENABLE_NS_ASSERTIONS = NO;
				ENABLE_STRICT_OBJC_MSGSEND = YES;
				ENABLE_USER_SCRIPT_SANDBOXING = YES;
				GCC_C_LANGUAGE_STANDARD = gnu17;
				GCC_NO_COMMON_BLOCKS = YES;
				GCC_WARN_64_TO_32_BIT_CONVERSION = YES;
				GCC_WARN_ABOUT_RETURN_TYPE = YES_ERROR;
				GCC_WARN_UNDECLARED_SELECTOR = YES;
				GCC_WARN_UNINITIALIZED_AUTOS = YES_AGGRESSIVE;
				GCC_WARN_UNUSED_FUNCTION = YES;
				GCC_WARN_UNUSED_VARIABLE = YES;
				IPHONEOS_DEPLOYMENT_TARGET = 18.1;
				LOCALIZATION_PREFERS_STRING_CATALOGS = YES;
				MTL_ENABLE_DEBUG_INFO = NO;
				MTL_FAST_MATH = YES;
				SDKROOT = iphoneos;
				SWIFT_COMPILATION_MODE = wholemodule;
				VALIDATE_PRODUCT = YES;
			};
			name = Release;
		};
		AC25F9452CFF2757002B81A3 /* Debug */ = {
			isa = XCBuildConfiguration;
			buildSettings = {
				ASSETCATALOG_COMPILER_APPICON_NAME = AppIcon;
				ASSETCATALOG_COMPILER_GLOBAL_ACCENT_COLOR_NAME = AccentColor;
				CODE_SIGN_STYLE = Automatic;
				CURRENT_PROJECT_VERSION = 1;
				DEVELOPMENT_ASSET_PATHS = "\"FloatingButtonDemo/Preview Content\"";
				ENABLE_PREVIEWS = YES;
				GENERATE_INFOPLIST_FILE = YES;
				INFOPLIST_KEY_UIApplicationSceneManifest_Generation = YES;
				INFOPLIST_KEY_UIApplicationSupportsIndirectInputEvents = YES;
				INFOPLIST_KEY_UILaunchScreen_Generation = YES;
				INFOPLIST_KEY_UISupportedInterfaceOrientations_iPad = "UIInterfaceOrientationPortrait UIInterfaceOrientationPortraitUpsideDown UIInterfaceOrientationLandscapeLeft UIInterfaceOrientationLandscapeRight";
				INFOPLIST_KEY_UISupportedInterfaceOrientations_iPhone = "UIInterfaceOrientationPortrait UIInterfaceOrientationLandscapeLeft UIInterfaceOrientationLandscapeRight";
				LD_RUNPATH_SEARCH_PATHS = (
					"$(inherited)",
					"@executable_path/Frameworks",
				);
				MARKETING_VERSION = 1.0;
				PRODUCT_BUNDLE_IDENTIFIER = jbcodeapp.FloatingButtonDemo;
				PRODUCT_NAME = "$(TARGET_NAME)";
				SWIFT_EMIT_LOC_STRINGS = YES;
				SWIFT_VERSION = 5.0;
				TARGETED_DEVICE_FAMILY = "1,2";
			};
			name = Debug;
		};
		AC25F9462CFF2757002B81A3 /* Release */ = {
			isa = XCBuildConfiguration;
			buildSettings = {
				ASSETCATALOG_COMPILER_APPICON_NAME = AppIcon;
				ASSETCATALOG_COMPILER_GLOBAL_ACCENT_COLOR_NAME = AccentColor;
				CODE_SIGN_STYLE = Automatic;
				CURRENT_PROJECT_VERSION = 1;
				DEVELOPMENT_ASSET_PATHS = "\"FloatingButtonDemo/Preview Content\"";
				ENABLE_PREVIEWS = YES;
				GENERATE_INFOPLIST_FILE = YES;
				INFOPLIST_KEY_UIApplicationSceneManifest_Generation = YES;
				INFOPLIST_KEY_UIApplicationSupportsIndirectInputEvents = YES;
				INFOPLIST_KEY_UILaunchScreen_Generation = YES;
				INFOPLIST_KEY_UISupportedInterfaceOrientations_iPad = "UIInterfaceOrientationPortrait UIInterfaceOrientationPortraitUpsideDown UIInterfaceOrientationLandscapeLeft UIInterfaceOrientationLandscapeRight";
				INFOPLIST_KEY_UISupportedInterfaceOrientations_iPhone = "UIInterfaceOrientationPortrait UIInterfaceOrientationLandscapeLeft UIInterfaceOrientationLandscapeRight";
				LD_RUNPATH_SEARCH_PATHS = (
					"$(inherited)",
					"@executable_path/Frameworks",
				);
				MARKETING_VERSION = 1.0;
				PRODUCT_BUNDLE_IDENTIFIER = jbcodeapp.FloatingButtonDemo;
				PRODUCT_NAME = "$(TARGET_NAME)";
				SWIFT_EMIT_LOC_STRINGS = YES;
				SWIFT_VERSION = 5.0;
				TARGETED_DEVICE_FAMILY = "1,2";
			};
			name = Release;
		};
		AC25F9482CFF2757002B81A3 /* Debug */ = {
			isa = XCBuildConfiguration;
			buildSettings = {
				BUNDLE_LOADER = "$(TEST_HOST)";
				CODE_SIGN_STYLE = Automatic;
				CURRENT_PROJECT_VERSION = 1;
				GENERATE_INFOPLIST_FILE = YES;
				IPHONEOS_DEPLOYMENT_TARGET = 18.1;
				MARKETING_VERSION = 1.0;
				PRODUCT_BUNDLE_IDENTIFIER = jbcodeapp.FloatingButtonDemoTests;
				PRODUCT_NAME = "$(TARGET_NAME)";
				SWIFT_EMIT_LOC_STRINGS = NO;
				SWIFT_VERSION = 5.0;
				TARGETED_DEVICE_FAMILY = "1,2";
				TEST_HOST = "$(BUILT_PRODUCTS_DIR)/FloatingButtonDemo.app/$(BUNDLE_EXECUTABLE_FOLDER_PATH)/FloatingButtonDemo";
			};
			name = Debug;
		};
		AC25F9492CFF2757002B81A3 /* Release */ = {
			isa = XCBuildConfiguration;
			buildSettings = {
				BUNDLE_LOADER = "$(TEST_HOST)";
				CODE_SIGN_STYLE = Automatic;
				CURRENT_PROJECT_VERSION = 1;
				GENERATE_INFOPLIST_FILE = YES;
				IPHONEOS_DEPLOYMENT_TARGET = 18.1;
				MARKETING_VERSION = 1.0;
				PRODUCT_BUNDLE_IDENTIFIER = jbcodeapp.FloatingButtonDemoTests;
				PRODUCT_NAME = "$(TARGET_NAME)";
				SWIFT_EMIT_LOC_STRINGS = NO;
				SWIFT_VERSION = 5.0;
				TARGETED_DEVICE_FAMILY = "1,2";
				TEST_HOST = "$(BUILT_PRODUCTS_DIR)/FloatingButtonDemo.app/$(BUNDLE_EXECUTABLE_FOLDER_PATH)/FloatingButtonDemo";
			};
			name = Release;
		};
		AC25F94B2CFF2757002B81A3 /* Debug */ = {
			isa = XCBuildConfiguration;
			buildSettings = {
				CODE_SIGN_STYLE = Automatic;
				CURRENT_PROJECT_VERSION = 1;
				GENERATE_INFOPLIST_FILE = YES;
				MARKETING_VERSION = 1.0;
				PRODUCT_BUNDLE_IDENTIFIER = jbcodeapp.FloatingButtonDemoUITests;
				PRODUCT_NAME = "$(TARGET_NAME)";
				SWIFT_EMIT_LOC_STRINGS = NO;
				SWIFT_VERSION = 5.0;
				TARGETED_DEVICE_FAMILY = "1,2";
				TEST_TARGET_NAME = FloatingButtonDemo;
			};
			name = Debug;
		};
		AC25F94C2CFF2757002B81A3 /* Release */ = {
			isa = XCBuildConfiguration;
			buildSettings = {
				CODE_SIGN_STYLE = Automatic;
				CURRENT_PROJECT_VERSION = 1;
				GENERATE_INFOPLIST_FILE = YES;
				MARKETING_VERSION = 1.0;
				PRODUCT_BUNDLE_IDENTIFIER = jbcodeapp.FloatingButtonDemoUITests;
				PRODUCT_NAME = "$(TARGET_NAME)";
				SWIFT_EMIT_LOC_STRINGS = NO;
				SWIFT_VERSION = 5.0;
				TARGETED_DEVICE_FAMILY = "1,2";
				TEST_TARGET_NAME = FloatingButtonDemo;
			};
			name = Release;
		};
/* End XCBuildConfiguration section */

/* Begin XCConfigurationList section */
		AC25F91B2CFF2755002B81A3 /* Build configuration list for PBXProject "FloatingButtonDemo" */ = {
			isa = XCConfigurationList;
			buildConfigurations = (
				AC25F9422CFF2757002B81A3 /* Debug */,
				AC25F9432CFF2757002B81A3 /* Release */,
			);
			defaultConfigurationIsVisible = 0;
			defaultConfigurationName = Release;
		};
		AC25F9442CFF2757002B81A3 /* Build configuration list for PBXNativeTarget "FloatingButtonDemo" */ = {
			isa = XCConfigurationList;
			buildConfigurations = (
				AC25F9452CFF2757002B81A3 /* Debug */,
				AC25F9462CFF2757002B81A3 /* Release */,
			);
			defaultConfigurationIsVisible = 0;
			defaultConfigurationName = Release;
		};
		AC25F9472CFF2757002B81A3 /* Build configuration list for PBXNativeTarget "FloatingButtonDemoTests" */ = {
			isa = XCConfigurationList;
			buildConfigurations = (
				AC25F9482CFF2757002B81A3 /* Debug */,
				AC25F9492CFF2757002B81A3 /* Release */,
			);
			defaultConfigurationIsVisible = 0;
			defaultConfigurationName = Release;
		};
		AC25F94A2CFF2757002B81A3 /* Build configuration list for PBXNativeTarget "FloatingButtonDemoUITests" */ = {
			isa = XCConfigurationList;
			buildConfigurations = (
				AC25F94B2CFF2757002B81A3 /* Debug */,
				AC25F94C2CFF2757002B81A3 /* Release */,
			);
			defaultConfigurationIsVisible = 0;
			defaultConfigurationName = Release;
		};
/* End XCConfigurationList section */
	};
	rootObject = AC25F9182CFF2755002B81A3 /* Project object */;
}
